
Microsoft Visual Studio Solution File, Format Version 12.00
# Visual Studio 15
VisualStudioVersion = 15.0.26124.0
MinimumVisualStudioVersion = 15.0.26124.0
Project("{FAE04EC0-301F-11D3-BF4B-00C04F79EFBC}") = "assembly_valheim.NoServerPassword.mm", "assembly_valheim.NoServerPassword.mm\assembly_valheim.NoServerPassword.mm.csproj", "{C19D1460-5270-4FB0-975E-5BAC1B3D09AF}"
EndProject
Project("{FAE04EC0-301F-11D3-BF4B-00C04F79EFBC}") = "assembly_valheim.RpcPingPong.mm", "assembly_valheim.RpcPingPong.mm\assembly_valheim.RpcPingPong.mm.csproj", "{C94001C6-04F3-4313-80A1-A0DAA15AFFD9}"
EndProject
Global
	GlobalSection(SolutionConfigurationPlatforms) = preSolution
		Debug|Any CPU = Debug|Any CPU
		Debug|x64 = Debug|x64
		Debug|x86 = Debug|x86
		Release|Any CPU = Release|Any CPU
		Release|x64 = Release|x64
		Release|x86 = Release|x86
	EndGlobalSection
	GlobalSection(SolutionProperties) = preSolution
		HideSolutionNode = FALSE
	EndGlobalSection
	GlobalSection(ProjectConfigurationPlatforms) = postSolution
		{C19D1460-5270-4FB0-975E-5BAC1B3D09AF}.Debug|Any CPU.ActiveCfg = Debug|Any CPU
		{C19D1460-5270-4FB0-975E-5BAC1B3D09AF}.Debug|Any CPU.Build.0 = Debug|Any CPU
		{C19D1460-5270-4FB0-975E-5BAC1B3D09AF}.Debug|x64.ActiveCfg = Debug|Any CPU
		{C19D1460-5270-4FB0-975E-5BAC1B3D09AF}.Debug|x64.Build.0 = Debug|Any CPU
		{C19D1460-5270-4FB0-975E-5BAC1B3D09AF}.Debug|x86.ActiveCfg = Debug|Any CPU
		{C19D1460-5270-4FB0-975E-5BAC1B3D09AF}.Debug|x86.Build.0 = Debug|Any CPU
		{C19D1460-5270-4FB0-975E-5BAC1B3D09AF}.Release|Any CPU.ActiveCfg = Release|Any CPU
		{C19D1460-5270-4FB0-975E-5BAC1B3D09AF}.Release|Any CPU.Build.0 = Release|Any CPU
		{C19D1460-5270-4FB0-975E-5BAC1B3D09AF}.Release|x64.ActiveCfg = Release|Any CPU
		{C19D1460-5270-4FB0-975E-5BAC1B3D09AF}.Release|x64.Build.0 = Release|Any CPU
		{C19D1460-5270-4FB0-975E-5BAC1B3D09AF}.Release|x86.ActiveCfg = Release|Any CPU
		{C19D1460-5270-4FB0-975E-5BAC1B3D09AF}.Release|x86.Build.0 = Release|Any CPU
		{C94001C6-04F3-4313-80A1-A0DAA15AFFD9}.Debug|Any CPU.ActiveCfg = Debug|Any CPU
		{C94001C6-04F3-4313-80A1-A0DAA15AFFD9}.Debug|Any CPU.Build.0 = Debug|Any CPU
		{C94001C6-04F3-4313-80A1-A0DAA15AFFD9}.Debug|x64.ActiveCfg = Debug|Any CPU
		{C94001C6-04F3-4313-80A1-A0DAA15AFFD9}.Debug|x64.Build.0 = Debug|Any CPU
		{C94001C6-04F3-4313-80A1-A0DAA15AFFD9}.Debug|x86.ActiveCfg = Debug|Any CPU
		{C94001C6-04F3-4313-80A1-A0DAA15AFFD9}.Debug|x86.Build.0 = Debug|Any CPU
		{C94001C6-04F3-4313-80A1-A0DAA15AFFD9}.Release|Any CPU.ActiveCfg = Release|Any CPU
		{C94001C6-04F3-4313-80A1-A0DAA15AFFD9}.Release|Any CPU.Build.0 = Release|Any CPU
		{C94001C6-04F3-4313-80A1-A0DAA15AFFD9}.Release|x64.ActiveCfg = Release|Any CPU
		{C94001C6-04F3-4313-80A1-A0DAA15AFFD9}.Release|x64.Build.0 = Release|Any CPU
		{C94001C6-04F3-4313-80A1-A0DAA15AFFD9}.Release|x86.ActiveCfg = Release|Any CPU
		{C94001C6-04F3-4313-80A1-A0DAA15AFFD9}.Release|x86.Build.0 = Release|Any CPU
	EndGlobalSection
EndGlobal
